lockfileVersion: '9.0'

settings:
  autoInstallPeers: true
  excludeLinksFromLockfile: false

importers:

  .:
    dependencies:
      repro-pkgroll-lib:
        specifier: cruzdanilo/repro-pkgroll-lib#31497ff
        version: https://codeload.github.com/cruzdanilo/repro-pkgroll-lib/tar.gz/31497ff

packages:

  repro-pkgroll-lib@https://codeload.github.com/cruzdanilo/repro-pkgroll-lib/tar.gz/31497ff:
    resolution: {tarball: https://codeload.github.com/cruzdanilo/repro-pkgroll-lib/tar.gz/31497ff}
    version: 0.0.0
    engines: {node: '>=20'}

snapshots:

  repro-pkgroll-lib@https://codeload.github.com/cruzdanilo/repro-pkgroll-lib/tar.gz/31497ff: {}
