lockfileVersion: '9.0'

settings:
  autoInstallPeers: true
  excludeLinksFromLockfile: false

importers:

  .:
    dependencies:
      repro-pkgroll-lib:
        specifier: cruzdanilo/repro-pkgroll-lib#5fc7a38
        version: https://codeload.github.com/cruzdanilo/repro-pkgroll-lib/tar.gz/5fc7a38

packages:

  repro-pkgroll-lib@https://codeload.github.com/cruzdanilo/repro-pkgroll-lib/tar.gz/5fc7a38:
    resolution: {tarball: https://codeload.github.com/cruzdanilo/repro-pkgroll-lib/tar.gz/5fc7a38}
    version: 0.0.0
    engines: {node: '>=20'}

snapshots:

  repro-pkgroll-lib@https://codeload.github.com/cruzdanilo/repro-pkgroll-lib/tar.gz/5fc7a38: {}
